// !$*UTF8*$!
{
	archiveVersion = 1;
	classes = {
	};
	objectVersion = 55;
	objects = {

/* Begin PBXBuildFile section */
		168F269540B81CDBEAAD1A26 /* Pods_SwiftUIShopifyStore.framework in Frameworks */ = {isa = PBXBuildFile; fileRef = C92795A7F0442858010D807B /* Pods_SwiftUIShopifyStore.framework */; };
		43B7EAE028449BB5007F902E /* SwiftUIShopifyStoreApp.swift in Sources */ = {isa = PBXBuildFile; fileRef = 43B7EADF28449BB5007F902E /* SwiftUIShopifyStoreApp.swift */; };
		43B7EAE228449BB5007F902E /* ContentView.swift in Sources */ = {isa = PBXBuildFile; fileRef = 43B7EAE128449BB5007F902E /* ContentView.swift */; };
		43B7EAE428449BB7007F902E /* Assets.xcassets in Resources */ = {isa = PBXBuildFile; fileRef = 43B7EAE328449BB7007F902E /* Assets.xcassets */; };
		43B7EAE728449BB7007F902E /* Preview Assets.xcassets in Resources */ = {isa = PBXBuildFile; fileRef = 43B7EAE628449BB7007F902E /* Preview Assets.xcassets */; };
		43B7EAEE28449CEF007F902E /* apikey.plist in Resources */ = {isa = PBXBuildFile; fileRef = 43B7EAED28449CEF007F902E /* apikey.plist */; };
		43B7EAF22844FAC4007F902E /* KeyManager.swift in Sources */ = {isa = PBXBuildFile; fileRef = 43B7EAF12844FAC4007F902E /* KeyManager.swift */; };
		43B7EAF52844FECD007F902E /* ShopifyClient.swift in Sources */ = {isa = PBXBuildFile; fileRef = 43B7EAF42844FECD007F902E /* ShopifyClient.swift */; };
/* End PBXBuildFile section */

/* Begin PBXFileReference section */
		154D89D1D0C3FC51E19656B4 /* Pods-SwiftUIShopifyStore.release.xcconfig */ = {isa = PBXFileReference; includeInIndex = 1; lastKnownFileType = text.xcconfig; name = "Pods-SwiftUIShopifyStore.release.xcconfig"; path = "Target Support Files/Pods-SwiftUIShopifyStore/Pods-SwiftUIShopifyStore.release.xcconfig"; sourceTree = "<group>"; };
		3B2D452442FDFFD8F90E940D /* Pods-SwiftUIShopifyStore.debug.xcconfig */ = {isa = PBXFileReference; includeInIndex = 1; lastKnownFileType = text.xcconfig; name = "Pods-SwiftUIShopifyStore.debug.xcconfig"; path = "Target Support Files/Pods-SwiftUIShopifyStore/Pods-SwiftUIShopifyStore.debug.xcconfig"; sourceTree = "<group>"; };
		43B7EADC28449BB5007F902E /* SwiftUIShopifyStore.app */ = {isa = PBXFileReference; explicitFileType = wrapper.application; includeInIndex = 0; path = SwiftUIShopifyStore.app; sourceTree = BUILT_PRODUCTS_DIR; };
		43B7EADF28449BB5007F902E /* SwiftUIShopifyStoreApp.swift */ = {isa = PBXFileReference; lastKnownFileType = sourcecode.swift; path = SwiftUIShopifyStoreApp.swift; sourceTree = "<group>"; };
		43B7EAE128449BB5007F902E /* ContentView.swift */ = {isa = PBXFileReference; lastKnownFileType = sourcecode.swift; path = ContentView.swift; sourceTree = "<group>"; };
		43B7EAE328449BB7007F902E /* Assets.xcassets */ = {isa = PBXFileReference; lastKnownFileType = folder.assetcatalog; path = Assets.xcassets; sourceTree = "<group>"; };
		43B7EAE628449BB7007F902E /* Preview Assets.xcassets */ = {isa = PBXFileReference; lastKnownFileType = folder.assetcatalog; path = "Preview Assets.xcassets"; sourceTree = "<group>"; };
		43B7EAED28449CEF007F902E /* apikey.plist */ = {isa = PBXFileReference; fileEncoding = 4; lastKnownFileType = text.plist.xml; path = apikey.plist; sourceTree = "<group>"; };
		43B7EAF12844FAC4007F902E /* KeyManager.swift */ = {isa = PBXFileReference; lastKnownFileType = sourcecode.swift; path = KeyManager.swift; sourceTree = "<group>"; };
		43B7EAF42844FECD007F902E /* ShopifyClient.swift */ = {isa = PBXFileReference; fileEncoding = 4; lastKnownFileType = sourcecode.swift; path = ShopifyClient.swift; sourceTree = "<group>"; };
		C92795A7F0442858010D807B /* Pods_SwiftUIShopifyStore.framework */ = {isa = PBXFileReference; explicitFileType = wrapper.framework; includeInIndex = 0; path = Pods_SwiftUIShopifyStore.framework; sourceTree = BUILT_PRODUCTS_DIR; };
/* End PBXFileReference section */

/* Begin PBXFrameworksBuildPhase section */
		43B7EAD928449BB5007F902E /* Frameworks */ = {
			isa = PBXFrameworksBuildPhase;
			buildActionMask = 2147483647;
			files = (
				168F269540B81CDBEAAD1A26 /* Pods_SwiftUIShopifyStore.framework in Frameworks */,
			);
			runOnlyForDeploymentPostprocessing = 0;
		};
/* End PBXFrameworksBuildPhase section */

/* Begin PBXGroup section */
		43B7EAD328449BB5007F902E = {
			isa = PBXGroup;
			children = (
				43B7EADE28449BB5007F902E /* SwiftUIShopifyStore */,
				43B7EADD28449BB5007F902E /* Products */,
				90A20DDBCCEADFECAD44479A /* Pods */,
				8559BC584BF5C17BB0C14A00 /* Frameworks */,
			);
			sourceTree = "<group>";
		};
		43B7EADD28449BB5007F902E /* Products */ = {
			isa = PBXGroup;
			children = (
				43B7EADC28449BB5007F902E /* SwiftUIShopifyStore.app */,
			);
			name = Products;
			sourceTree = "<group>";
		};
		43B7EADE28449BB5007F902E /* SwiftUIShopifyStore */ = {
			isa = PBXGroup;
			children = (
				43B7EAF32844FEC1007F902E /* APIs */,
				43B7EAF028449E23007F902E /* Helpers */,
				43B7EAEF28449DFC007F902E /* Screens */,
				43B7EAE328449BB7007F902E /* Assets.xcassets */,
				43B7EAE528449BB7007F902E /* Preview Content */,
				43B7EAED28449CEF007F902E /* apikey.plist */,
			);
			path = SwiftUIShopifyStore;
			sourceTree = "<group>";
		};
		43B7EAE528449BB7007F902E /* Preview Content */ = {
			isa = PBXGroup;
			children = (
				43B7EAE628449BB7007F902E /* Preview Assets.xcassets */,
			);
			path = "Preview Content";
			sourceTree = "<group>";
		};
		43B7EAEF28449DFC007F902E /* Screens */ = {
			isa = PBXGroup;
			children = (
				43B7EADF28449BB5007F902E /* SwiftUIShopifyStoreApp.swift */,
				43B7EAE128449BB5007F902E /* ContentView.swift */,
			);
			path = Screens;
			sourceTree = "<group>";
		};
		43B7EAF028449E23007F902E /* Helpers */ = {
			isa = PBXGroup;
			children = (
				43B7EAF12844FAC4007F902E /* KeyManager.swift */,
			);
			path = Helpers;
			sourceTree = "<group>";
		};
		43B7EAF32844FEC1007F902E /* APIs */ = {
			isa = PBXGroup;
			children = (
				43B7EAF42844FECD007F902E /* ShopifyClient.swift */,
			);
			path = APIs;
			sourceTree = "<group>";
		};
		8559BC584BF5C17BB0C14A00 /* Frameworks */ = {
			isa = PBXGroup;
			children = (
				C92795A7F0442858010D807B /* Pods_SwiftUIShopifyStore.framework */,
			);
			name = Frameworks;
			sourceTree = "<group>";
		};
		90A20DDBCCEADFECAD44479A /* Pods */ = {
			isa = PBXGroup;
			children = (
				3B2D452442FDFFD8F90E940D /* Pods-SwiftUIShopifyStore.debug.xcconfig */,
				154D89D1D0C3FC51E19656B4 /* Pods-SwiftUIShopifyStore.release.xcconfig */,
			);
			name = Pods;
			path = Pods;
			sourceTree = "<group>";
		};
/* End PBXGroup section */

/* Begin PBXNativeTarget section */
		43B7EADB28449BB5007F902E /* SwiftUIShopifyStore */ = {
			isa = PBXNativeTarget;
			buildConfigurationList = 43B7EAEA28449BB7007F902E /* Build configuration list for PBXNativeTarget "SwiftUIShopifyStore" */;
			buildPhases = (
				695B4F1070574808E68E6604 /* [CP] Check Pods Manifest.lock */,
				43B7EAD828449BB5007F902E /* Sources */,
				43B7EAD928449BB5007F902E /* Frameworks */,
				43B7EADA28449BB5007F902E /* Resources */,
				C84F549FAF6B03080341A0D1 /* [CP] Embed Pods Frameworks */,
			);
			buildRules = (
			);
			dependencies = (
			);
			name = SwiftUIShopifyStore;
			productName = SwiftUIShopifyStore;
			productReference = 43B7EADC28449BB5007F902E /* SwiftUIShopifyStore.app */;
			productType = "com.apple.product-type.application";
		};
/* End PBXNativeTarget section */

/* Begin PBXProject section */
		43B7EAD428449BB5007F902E /* Project object */ = {
			isa = PBXProject;
			attributes = {
				BuildIndependentTargetsInParallel = 1;
				LastSwiftUpdateCheck = 1330;
				LastUpgradeCheck = 1330;
				TargetAttributes = {
					43B7EADB28449BB5007F902E = {
						CreatedOnToolsVersion = 13.3.1;
					};
				};
			};
			buildConfigurationList = 43B7EAD728449BB5007F902E /* Build configuration list for PBXProject "SwiftUIShopifyStore" */;
			compatibilityVersion = "Xcode 13.0";
			developmentRegion = en;
			hasScannedForEncodings = 0;
			knownRegions = (
				en,
				Base,
			);
			mainGroup = 43B7EAD328449BB5007F902E;
			productRefGroup = 43B7EADD28449BB5007F902E /* Products */;
			projectDirPath = "";
			projectRoot = "";
			targets = (
				43B7EADB28449BB5007F902E /* SwiftUIShopifyStore */,
			);
		};
/* End PBXProject section */

/* Begin PBXResourcesBuildPhase section */
		43B7EADA28449BB5007F902E /* Resources */ = {
			isa = PBXResourcesBuildPhase;
			buildActionMask = 2147483647;
			files = (
				43B7EAE728449BB7007F902E /* Preview Assets.xcassets in Resources */,
				43B7EAEE28449CEF007F902E /* apikey.plist in Resources */,
				43B7EAE428449BB7007F902E /* Assets.xcassets in Resources */,
			);
			runOnlyForDeploymentPostprocessing = 0;
		};
/* End PBXResourcesBuildPhase section */

/* Begin PBXShellScriptBuildPhase section */
		695B4F1070574808E68E6604 /* [CP] Check Pods Manifest.lock */ = {
			isa = PBXShellScriptBuildPhase;
			buildActionMask = 2147483647;
			files = (
			);
			inputFileListPaths = (
			);
			inputPaths = (
				"${PODS_PODFILE_DIR_PATH}/Podfile.lock",
				"${PODS_ROOT}/Manifest.lock",
			);
			name = "[CP] Check Pods Manifest.lock";
			outputFileListPaths = (
			);
			outputPaths = (
				"$(DERIVED_FILE_DIR)/Pods-SwiftUIShopifyStore-checkManifestLockResult.txt",
			);
			runOnlyForDeploymentPostprocessing = 0;
			shellPath = /bin/sh;
			shellScript = "diff \"${PODS_PODFILE_DIR_PATH}/Podfile.lock\" \"${PODS_ROOT}/Manifest.lock\" > /dev/null\nif [ $? != 0 ] ; then\n    # print error to STDERR\n    echo \"error: The sandbox is not in sync with the Podfile.lock. Run 'pod install' or update your CocoaPods installation.\" >&2\n    exit 1\nfi\n# This output is used by Xcode 'outputs' to avoid re-running this script phase.\necho \"SUCCESS\" > \"${SCRIPT_OUTPUT_FILE_0}\"\n";
			showEnvVarsInLog = 0;
		};
		C84F549FAF6B03080341A0D1 /* [CP] Embed Pods Frameworks */ = {
			isa = PBXShellScriptBuildPhase;
			buildActionMask = 2147483647;
			files = (
			);
			inputFileListPaths = (
				"${PODS_ROOT}/Target Support Files/Pods-SwiftUIShopifyStore/Pods-SwiftUIShopifyStore-frameworks-${CONFIGURATION}-input-files.xcfilelist",
			);
			name = "[CP] Embed Pods Frameworks";
			outputFileListPaths = (
				"${PODS_ROOT}/Target Support Files/Pods-SwiftUIShopifyStore/Pods-SwiftUIShopifyStore-frameworks-${CONFIGURATION}-output-files.xcfilelist",
			);
			runOnlyForDeploymentPostprocessing = 0;
			shellPath = /bin/sh;
			shellScript = "\"${PODS_ROOT}/Target Support Files/Pods-SwiftUIShopifyStore/Pods-SwiftUIShopifyStore-frameworks.sh\"\n";
			showEnvVarsInLog = 0;
		};
/* End PBXShellScriptBuildPhase section */

/* Begin PBXSourcesBuildPhase section */
		43B7EAD828449BB5007F902E /* Sources */ = {
			isa = PBXSourcesBuildPhase;
			buildActionMask = 2147483647;
			files = (
				43B7EAE228449BB5007F902E /* ContentView.swift in Sources */,
				43B7EAE028449BB5007F902E /* SwiftUIShopifyStoreApp.swift in Sources */,
				43B7EAF22844FAC4007F902E /* KeyManager.swift in Sources */,
				43B7EAF52844FECD007F902E /* ShopifyClient.swift in Sources */,
			);
			runOnlyForDeploymentPostprocessing = 0;
		};
/* End PBXSourcesBuildPhase section */

/* Begin XCBuildConfiguration section */
		43B7EAE828449BB7007F902E /* Debug */ = {
			isa = XCBuildConfiguration;
			buildSettings = {
				ALWAYS_SEARCH_USER_PATHS = NO;
				CLANG_ANALYZER_NONNULL = YES;
				CLANG_ANALYZER_NUMBER_OBJECT_CONVERSION = YES_AGGRESSIVE;
				CLANG_CXX_LANGUAGE_STANDARD = "gnu++17";
				CLANG_ENABLE_MODULES = YES;
				CLANG_ENABLE_OBJC_ARC = YES;
				CLANG_ENABLE_OBJC_WEAK = YES;
				CLANG_WARN_BLOCK_CAPTURE_AUTORELEASING = YES;
				CLANG_WARN_BOOL_CONVERSION = YES;
				CLANG_WARN_COMMA = YES;
				CLANG_WARN_CONSTANT_CONVERSION = YES;
				CLANG_WARN_DEPRECATED_OBJC_IMPLEMENTATIONS = YES;
				CLANG_WARN_DIRECT_OBJC_ISA_USAGE = YES_ERROR;
				CLANG_WARN_DOCUMENTATION_COMMENTS = YES;
				CLANG_WARN_EMPTY_BODY = YES;
				CLANG_WARN_ENUM_CONVERSION = YES;
				CLANG_WARN_INFINITE_RECURSION = YES;
				CLANG_WARN_INT_CONVERSION = YES;
				CLANG_WARN_NON_LITERAL_NULL_CONVERSION = YES;
				CLANG_WARN_OBJC_IMPLICIT_RETAIN_SELF = YES;
				CLANG_WARN_OBJC_LITERAL_CONVERSION = YES;
				CLANG_WARN_OBJC_ROOT_CLASS = YES_ERROR;
				CLANG_WARN_QUOTED_INCLUDE_IN_FRAMEWORK_HEADER = YES;
				CLANG_WARN_RANGE_LOOP_ANALYSIS = YES;
				CLANG_WARN_STRICT_PROTOTYPES = YES;
				CLANG_WARN_SUSPICIOUS_MOVE = YES;
				CLANG_WARN_UNGUARDED_AVAILABILITY = YES_AGGRESSIVE;
				CLANG_WARN_UNREACHABLE_CODE = YES;
				CLANG_WARN__DUPLICATE_METHOD_MATCH = YES;
				COPY_PHASE_STRIP = NO;
				DEBUG_INFORMATION_FORMAT = dwarf;
				ENABLE_STRICT_OBJC_MSGSEND = YES;
				ENABLE_TESTABILITY = YES;
				GCC_C_LANGUAGE_STANDARD = gnu11;
				GCC_DYNAMIC_NO_PIC = NO;
				GCC_NO_COMMON_BLOCKS = YES;
				GCC_OPTIMIZATION_LEVEL = 0;
				GCC_PREPROCESSOR_DEFINITIONS = (
					"DEBUG=1",
					"$(inherited)",
				);
				GCC_WARN_64_TO_32_BIT_CONVERSION = YES;
				GCC_WARN_ABOUT_RETURN_TYPE = YES_ERROR;
				GCC_WARN_UNDECLARED_SELECTOR = YES;
				GCC_WARN_UNINITIALIZED_AUTOS = YES_AGGRESSIVE;
				GCC_WARN_UNUSED_FUNCTION = YES;
				GCC_WARN_UNUSED_VARIABLE = YES;
				IPHONEOS_DEPLOYMENT_TARGET = 15.4;
				MTL_ENABLE_DEBUG_INFO = INCLUDE_SOURCE;
				MTL_FAST_MATH = YES;
				ONLY_ACTIVE_ARCH = YES;
				SDKROOT = iphoneos;
				SWIFT_ACTIVE_COMPILATION_CONDITIONS = DEBUG;
				SWIFT_OPTIMIZATION_LEVEL = "-Onone";
			};
			name = Debug;
		};
		43B7EAE928449BB7007F902E /* Release */ = {
			isa = XCBuildConfiguration;
			buildSettings = {
				ALWAYS_SEARCH_USER_PATHS = NO;
				CLANG_ANALYZER_NONNULL = YES;
				CLANG_ANALYZER_NUMBER_OBJECT_CONVERSION = YES_AGGRESSIVE;
				CLANG_CXX_LANGUAGE_STANDARD = "gnu++17";
				CLANG_ENABLE_MODULES = YES;
				CLANG_ENABLE_OBJC_ARC = YES;
				CLANG_ENABLE_OBJC_WEAK = YES;
				CLANG_WARN_BLOCK_CAPTURE_AUTORELEASING = YES;
				CLANG_WARN_BOOL_CONVERSION = YES;
				CLANG_WARN_COMMA = YES;
				CLANG_WARN_CONSTANT_CONVERSION = YES;
				CLANG_WARN_DEPRECATED_OBJC_IMPLEMENTATIONS = YES;
				CLANG_WARN_DIRECT_OBJC_ISA_USAGE = YES_ERROR;
				CLANG_WARN_DOCUMENTATION_COMMENTS = YES;
				CLANG_WARN_EMPTY_BODY = YES;
				CLANG_WARN_ENUM_CONVERSION = YES;
				CLANG_WARN_INFINITE_RECURSION = YES;
				CLANG_WARN_INT_CONVERSION = YES;
				CLANG_WARN_NON_LITERAL_NULL_CONVERSION = YES;
				CLANG_WARN_OBJC_IMPLICIT_RETAIN_SELF = YES;
				CLANG_WARN_OBJC_LITERAL_CONVERSION = YES;
				CLANG_WARN_OBJC_ROOT_CLASS = YES_ERROR;
				CLANG_WARN_QUOTED_INCLUDE_IN_FRAMEWORK_HEADER = YES;
				CLANG_WARN_RANGE_LOOP_ANALYSIS = YES;
				CLANG_WARN_STRICT_PROTOTYPES = YES;
				CLANG_WARN_SUSPICIOUS_MOVE = YES;
				CLANG_WARN_UNGUARDED_AVAILABILITY = YES_AGGRESSIVE;
				CLANG_WARN_UNREACHABLE_CODE = YES;
				CLANG_WARN__DUPLICATE_METHOD_MATCH = YES;
				COPY_PHASE_STRIP = NO;
				DEBUG_INFORMATION_FORMAT = "dwarf-with-dsym";
				ENABLE_NS_ASSERTIONS = NO;
				ENABLE_STRICT_OBJC_MSGSEND = YES;
				GCC_C_LANGUAGE_STANDARD = gnu11;
				GCC_NO_COMMON_BLOCKS = YES;
				GCC_WARN_64_TO_32_BIT_CONVERSION = YES;
				GCC_WARN_ABOUT_RETURN_TYPE = YES_ERROR;
				GCC_WARN_UNDECLARED_SELECTOR = YES;
				GCC_WARN_UNINITIALIZED_AUTOS = YES_AGGRESSIVE;
				GCC_WARN_UNUSED_FUNCTION = YES;
				GCC_WARN_UNUSED_VARIABLE = YES;
				IPHONEOS_DEPLOYMENT_TARGET = 15.4;
				MTL_ENABLE_DEBUG_INFO = NO;
				MTL_FAST_MATH = YES;
				SDKROOT = iphoneos;
				SWIFT_COMPILATION_MODE = wholemodule;
				SWIFT_OPTIMIZATION_LEVEL = "-O";
				VALIDATE_PRODUCT = YES;
			};
			name = Release;
		};
		43B7EAEB28449BB7007F902E /* Debug */ = {
			isa = XCBuildConfiguration;
			baseConfigurationReference = 3B2D452442FDFFD8F90E940D /* Pods-SwiftUIShopifyStore.debug.xcconfig */;
			buildSettings = {
				ASSETCATALOG_COMPILER_APPICON_NAME = AppIcon;
				ASSETCATALOG_COMPILER_GLOBAL_ACCENT_COLOR_NAME = AccentColor;
				CODE_SIGN_STYLE = Automatic;
				CURRENT_PROJECT_VERSION = 1;
				DEVELOPMENT_ASSET_PATHS = "\"SwiftUIShopifyStore/Preview Content\"";
				DEVELOPMENT_TEAM = LW3THBZ2Y7;
				ENABLE_PREVIEWS = YES;
				GENERATE_INFOPLIST_FILE = YES;
				INFOPLIST_KEY_UIApplicationSceneManifest_Generation = YES;
				INFOPLIST_KEY_UIApplicationSupportsIndirectInputEvents = YES;
				INFOPLIST_KEY_UILaunchScreen_Generation = YES;
				INFOPLIST_KEY_UISupportedInterfaceOrientations_iPad = "UIInterfaceOrientationPortrait UIInterfaceOrientationPortraitUpsideDown UIInterfaceOrientationLandscapeLeft UIInterfaceOrientationLandscapeRight";
				INFOPLIST_KEY_UISupportedInterfaceOrientations_iPhone = "UIInterfaceOrientationPortrait UIInterfaceOrientationLandscapeLeft UIInterfaceOrientationLandscapeRight";
				LD_RUNPATH_SEARCH_PATHS = (
					"$(inherited)",
					"@executable_path/Frameworks",
				);
				MARKETING_VERSION = 1.0;
				PRODUCT_BUNDLE_IDENTIFIER = com.studiokaori.SwiftUIShopifyStore;
				PRODUCT_NAME = "$(TARGET_NAME)";
				SWIFT_EMIT_LOC_STRINGS = YES;
				SWIFT_VERSION = 5.0;
				TARGETED_DEVICE_FAMILY = "1,2";
			};
			name = Debug;
		};
		43B7EAEC28449BB7007F902E /* Release */ = {
			isa = XCBuildConfiguration;
			baseConfigurationReference = 154D89D1D0C3FC51E19656B4 /* Pods-SwiftUIShopifyStore.release.xcconfig */;
			buildSettings = {
				ASSETCATALOG_COMPILER_APPICON_NAME = AppIcon;
				ASSETCATALOG_COMPILER_GLOBAL_ACCENT_COLOR_NAME = AccentColor;
				CODE_SIGN_STYLE = Automatic;
				CURRENT_PROJECT_VERSION = 1;
				DEVELOPMENT_ASSET_PATHS = "\"SwiftUIShopifyStore/Preview Content\"";
				DEVELOPMENT_TEAM = LW3THBZ2Y7;
				ENABLE_PREVIEWS = YES;
				GENERATE_INFOPLIST_FILE = YES;
				INFOPLIST_KEY_UIApplicationSceneManifest_Generation = YES;
				INFOPLIST_KEY_UIApplicationSupportsIndirectInputEvents = YES;
				INFOPLIST_KEY_UILaunchScreen_Generation = YES;
				INFOPLIST_KEY_UISupportedInterfaceOrientations_iPad = "UIInterfaceOrientationPortrait UIInterfaceOrientationPortraitUpsideDown UIInterfaceOrientationLandscapeLeft UIInterfaceOrientationLandscapeRight";
				INFOPLIST_KEY_UISupportedInterfaceOrientations_iPhone = "UIInterfaceOrientationPortrait UIInterfaceOrientationLandscapeLeft UIInterfaceOrientationLandscapeRight";
				LD_RUNPATH_SEARCH_PATHS = (
					"$(inherited)",
					"@executable_path/Frameworks",
				);
				MARKETING_VERSION = 1.0;
				PRODUCT_BUNDLE_IDENTIFIER = com.studiokaori.SwiftUIShopifyStore;
				PRODUCT_NAME = "$(TARGET_NAME)";
				SWIFT_EMIT_LOC_STRINGS = YES;
				SWIFT_VERSION = 5.0;
				TARGETED_DEVICE_FAMILY = "1,2";
			};
			name = Release;
		};
/* End XCBuildConfiguration section */

/* Begin XCConfigurationList section */
		43B7EAD728449BB5007F902E /* Build configuration list for PBXProject "SwiftUIShopifyStore" */ = {
			isa = XCConfigurationList;
			buildConfigurations = (
				43B7EAE828449BB7007F902E /* Debug */,
				43B7EAE928449BB7007F902E /* Release */,
			);
			defaultConfigurationIsVisible = 0;
			defaultConfigurationName = Release;
		};
		43B7EAEA28449BB7007F902E /* Build configuration list for PBXNativeTarget "SwiftUIShopifyStore" */ = {
			isa = XCConfigurationList;
			buildConfigurations = (
				43B7EAEB28449BB7007F902E /* Debug */,
				43B7EAEC28449BB7007F902E /* Release */,
			);
			defaultConfigurationIsVisible = 0;
			defaultConfigurationName = Release;
		};
/* End XCConfigurationList section */
	};
	rootObject = 43B7EAD428449BB5007F902E /* Project object */;
}
